
Microsoft Visual Studio Solution File, Format Version 12.00
# Visual Studio Version 17
VisualStudioVersion = 17.9.34728.123
MinimumVisualStudioVersion = 10.0.40219.1
Project("{9A19103F-16F7-4668-BE54-9A1E7A4F7556}") = "BookStoreWeb", "BookStoreWeb\BookStoreWeb.csproj", "{2CF04B38-4D6B-434C-B943-09C78ABF6477}"
EndProject
Project("{9A19103F-16F7-4668-BE54-9A1E7A4F7556}") = "BookStore.DataAccess", "BookStore.DataAccess\BookStore.DataAccess.csproj", "{84852A8F-639D-4704-AED4-9B4A0271B82A}"
EndProject
Project("{9A19103F-16F7-4668-BE54-9A1E7A4F7556}") = "BookStore.Models", "BookStore.Models\BookStore.Models.csproj", "{72E87556-820D-4872-A7C3-C97BC211E7C2}"
EndProject
Project("{9A19103F-16F7-4668-BE54-9A1E7A4F7556}") = "BookStore.Utility", "BookStore.Utility\BookStore.Utility.csproj", "{D4253568-F4CE-4658-82D2-A2256072C1E6}"
EndProject
Global
	GlobalSection(SolutionConfigurationPlatforms) = preSolution
		Debug|Any CPU = Debug|Any CPU
		Release|Any CPU = Release|Any CPU
	EndGlobalSection
	GlobalSection(ProjectConfigurationPlatforms) = postSolution
		{2CF04B38-4D6B-434C-B943-09C78ABF6477}.Debug|Any CPU.ActiveCfg = Debug|Any CPU
		{2CF04B38-4D6B-434C-B943-09C78ABF6477}.Debug|Any CPU.Build.0 = Debug|Any CPU
		{2CF04B38-4D6B-434C-B943-09C78ABF6477}.Release|Any CPU.ActiveCfg = Release|Any CPU
		{2CF04B38-4D6B-434C-B943-09C78ABF6477}.Release|Any CPU.Build.0 = Release|Any CPU
		{84852A8F-639D-4704-AED4-9B4A0271B82A}.Debug|Any CPU.ActiveCfg = Debug|Any CPU
		{84852A8F-639D-4704-AED4-9B4A0271B82A}.Debug|Any CPU.Build.0 = Debug|Any CPU
		{84852A8F-639D-4704-AED4-9B4A0271B82A}.Release|Any CPU.ActiveCfg = Release|Any CPU
		{84852A8F-639D-4704-AED4-9B4A0271B82A}.Release|Any CPU.Build.0 = Release|Any CPU
		{72E87556-820D-4872-A7C3-C97BC211E7C2}.Debug|Any CPU.ActiveCfg = Debug|Any CPU
		{72E87556-820D-4872-A7C3-C97BC211E7C2}.Debug|Any CPU.Build.0 = Debug|Any CPU
		{72E87556-820D-4872-A7C3-C97BC211E7C2}.Release|Any CPU.ActiveCfg = Release|Any CPU
		{72E87556-820D-4872-A7C3-C97BC211E7C2}.Release|Any CPU.Build.0 = Release|Any CPU
		{D4253568-F4CE-4658-82D2-A2256072C1E6}.Debug|Any CPU.ActiveCfg = Debug|Any CPU
		{D4253568-F4CE-4658-82D2-A2256072C1E6}.Debug|Any CPU.Build.0 = Debug|Any CPU
		{D4253568-F4CE-4658-82D2-A2256072C1E6}.Release|Any CPU.ActiveCfg = Release|Any CPU
		{D4253568-F4CE-4658-82D2-A2256072C1E6}.Release|Any CPU.Build.0 = Release|Any CPU
	EndGlobalSection
	GlobalSection(SolutionProperties) = preSolution
		HideSolutionNode = FALSE
	EndGlobalSection
	GlobalSection(ExtensibilityGlobals) = postSolution
		SolutionGuid = {858E6784-69C6-4C1A-A2EA-98AD1DC00AB5}
	EndGlobalSection
EndGlobal
